Microsoft Visual Studio Solution File, Format Version 12.00
# Visual Studio Version 17
VisualStudioVersion = 17.5.2.0
MinimumVisualStudioVersion = 10.0.40219.1
Project("{FAE04EC0-301F-11D3-BF4B-00C04F79EFBC}") = "deelfabriek-backend", "backend\deelfabriek-backend.csproj", "{91566048-6721-5ED8-64FD-956C56E8B2EE}"
EndProject
Global
	GlobalSection(SolutionConfigurationPlatforms) = preSolution
		Debug|Any CPU = Debug|Any CPU
		Release|Any CPU = Release|Any CPU
	EndGlobalSection
	GlobalSection(ProjectConfigurationPlatforms) = postSolution
		{91566048-6721-5ED8-64FD-956C56E8B2EE}.Debug|Any CPU.ActiveCfg = Debug|Any CPU
		{91566048-6721-5ED8-64FD-956C56E8B2EE}.Debug|Any CPU.Build.0 = Debug|Any CPU
		{91566048-6721-5ED8-64FD-956C56E8B2EE}.Release|Any CPU.ActiveCfg = Release|Any CPU
		{91566048-6721-5ED8-64FD-956C56E8B2EE}.Release|Any CPU.Build.0 = Release|Any CPU
	EndGlobalSection
	GlobalSection(SolutionProperties) = preSolution
		HideSolutionNode = FALSE
	EndGlobalSection
	GlobalSection(ExtensibilityGlobals) = postSolution
		SolutionGuid = {43613DA8-B94C-4697-9101-F1C367F68ADC}
	EndGlobalSection
EndGlobal
